
Microsoft Visual Studio Solution File, Format Version 12.00
# Visual Studio 15
VisualStudioVersion = 15.0.28307.1145
MinimumVisualStudioVersion = 10.0.40219.1
Project("{888888A0-9F3D-457C-B088-3A5042F75D52}") = "PythonTestApplication1", "PythonTestApplication1\PythonTestApplication1.pyproj", "{C895F4A7-F37A-4468-82D7-ABF4A8BCCDFF}"
EndProject
Global
	GlobalSection(SolutionConfigurationPlatforms) = preSolution
		Debug|Any CPU = Debug|Any CPU
		Release|Any CPU = Release|Any CPU
	EndGlobalSection
	GlobalSection(ProjectConfigurationPlatforms) = postSolution
		{C895F4A7-F37A-4468-82D7-ABF4A8BCCDFF}.Debug|Any CPU.ActiveCfg = Debug|Any CPU
		{C895F4A7-F37A-4468-82D7-ABF4A8BCCDFF}.Release|Any CPU.ActiveCfg = Release|Any CPU
	EndGlobalSection
	GlobalSection(SolutionProperties) = preSolution
		HideSolutionNode = FALSE
	EndGlobalSection
	GlobalSection(ExtensibilityGlobals) = postSolution
		SolutionGuid = {8DE89F28-FD1F-4D4B-A8F6-FCD99107B387}
	EndGlobalSection
EndGlobal
